
Microsoft Visual Studio Solution File, Format Version 12.00
# Visual Studio 15
VisualStudioVersion = 15.0.26730.16
MinimumVisualStudioVersion = 10.0.40219.1
Project("{FAE04EC0-301F-11D3-BF4B-00C04F79EFBC}") = "TesteCSharp", "TesteCSharp\TesteCSharp.csproj", "{045D065D-32A5-4D5C-A36A-1121F9DC7ACD}"
EndProject
Project("{FAE04EC0-301F-11D3-BF4B-00C04F79EFBC}") = "Negocio", "Negocio\Negocio.csproj", "{8DB1347E-11D9-4669-B25B-E9E9A13576CF}"
EndProject
Global
	GlobalSection(SolutionConfigurationPlatforms) = preSolution
		Debug|Any CPU = Debug|Any CPU
		Release|Any CPU = Release|Any CPU
	EndGlobalSection
	GlobalSection(ProjectConfigurationPlatforms) = postSolution
		{045D065D-32A5-4D5C-A36A-1121F9DC7ACD}.Debug|Any CPU.ActiveCfg = Debug|Any CPU
		{045D065D-32A5-4D5C-A36A-1121F9DC7ACD}.Debug|Any CPU.Build.0 = Debug|Any CPU
		{045D065D-32A5-4D5C-A36A-1121F9DC7ACD}.Release|Any CPU.ActiveCfg = Release|Any CPU
		{045D065D-32A5-4D5C-A36A-1121F9DC7ACD}.Release|Any CPU.Build.0 = Release|Any CPU
		{8DB1347E-11D9-4669-B25B-E9E9A13576CF}.Debug|Any CPU.ActiveCfg = Debug|Any CPU
		{8DB1347E-11D9-4669-B25B-E9E9A13576CF}.Debug|Any CPU.Build.0 = Debug|Any CPU
		{8DB1347E-11D9-4669-B25B-E9E9A13576CF}.Release|Any CPU.ActiveCfg = Release|Any CPU
		{8DB1347E-11D9-4669-B25B-E9E9A13576CF}.Release|Any CPU.Build.0 = Release|Any CPU
	EndGlobalSection
	GlobalSection(SolutionProperties) = preSolution
		HideSolutionNode = FALSE
	EndGlobalSection
	GlobalSection(ExtensibilityGlobals) = postSolution
		SolutionGuid = {C5088DF3-26DC-4B7E-93D3-F58B314BDE4E}
	EndGlobalSection
EndGlobal
